
Microsoft Visual Studio Solution File, Format Version 12.00
# Visual Studio Version 16
VisualStudioVersion = 16.0.29411.108
MinimumVisualStudioVersion = 10.0.40219.1
Project("{9A19103F-16F7-4668-BE54-9A1E7A4F7556}") = "tilbud", "tilbud\tilbud.csproj", "{974EF3D6-4159-4D4A-9C17-11B9975B08C3}"
EndProject
Project("{FAE04EC0-301F-11D3-BF4B-00C04F79EFBC}") = "Testprogram", "Testprogram\Testprogram.csproj", "{564ABFD6-697D-4EDF-8093-FD20EEA6589C}"
EndProject
Global
	GlobalSection(SolutionConfigurationPlatforms) = preSolution
		Debug|Any CPU = Debug|Any CPU
		Release|Any CPU = Release|Any CPU
	EndGlobalSection
	GlobalSection(ProjectConfigurationPlatforms) = postSolution
		{974EF3D6-4159-4D4A-9C17-11B9975B08C3}.Debug|Any CPU.ActiveCfg = Debug|Any CPU
		{974EF3D6-4159-4D4A-9C17-11B9975B08C3}.Debug|Any CPU.Build.0 = Debug|Any CPU
		{974EF3D6-4159-4D4A-9C17-11B9975B08C3}.Release|Any CPU.ActiveCfg = Release|Any CPU
		{974EF3D6-4159-4D4A-9C17-11B9975B08C3}.Release|Any CPU.Build.0 = Release|Any CPU
		{564ABFD6-697D-4EDF-8093-FD20EEA6589C}.Debug|Any CPU.ActiveCfg = Debug|Any CPU
		{564ABFD6-697D-4EDF-8093-FD20EEA6589C}.Debug|Any CPU.Build.0 = Debug|Any CPU
		{564ABFD6-697D-4EDF-8093-FD20EEA6589C}.Release|Any CPU.ActiveCfg = Release|Any CPU
		{564ABFD6-697D-4EDF-8093-FD20EEA6589C}.Release|Any CPU.Build.0 = Release|Any CPU
	EndGlobalSection
	GlobalSection(SolutionProperties) = preSolution
		HideSolutionNode = FALSE
	EndGlobalSection
	GlobalSection(ExtensibilityGlobals) = postSolution
		SolutionGuid = {8A53DACD-1E6C-45E2-A825-4D4B00910E4E}
	EndGlobalSection
EndGlobal
