
Microsoft Visual Studio Solution File, Format Version 12.00
# Visual Studio Version 16
VisualStudioVersion = 16.0.29424.173
MinimumVisualStudioVersion = 10.0.40219.1
Project("{9A19103F-16F7-4668-BE54-9A1E7A4F7556}") = "GuldtandMVC_Identity", "GuldtandMVC_Identity.csproj", "{21B923C9-02BE-4402-950D-529F9AFC99C7}"
EndProject
Project("{9A19103F-16F7-4668-BE54-9A1E7A4F7556}") = "Guldtand_UnitTests", "..\Guldtand_UnitTests\Guldtand_UnitTests.csproj", "{06381377-669F-4C96-AA40-F3551FDA223F}"
EndProject
Global
	GlobalSection(SolutionConfigurationPlatforms) = preSolution
		Debug|Any CPU = Debug|Any CPU
		Release|Any CPU = Release|Any CPU
	EndGlobalSection
	GlobalSection(ProjectConfigurationPlatforms) = postSolution
		{21B923C9-02BE-4402-950D-529F9AFC99C7}.Debug|Any CPU.ActiveCfg = Debug|Any CPU
		{21B923C9-02BE-4402-950D-529F9AFC99C7}.Debug|Any CPU.Build.0 = Debug|Any CPU
		{21B923C9-02BE-4402-950D-529F9AFC99C7}.Release|Any CPU.ActiveCfg = Release|Any CPU
		{21B923C9-02BE-4402-950D-529F9AFC99C7}.Release|Any CPU.Build.0 = Release|Any CPU
		{06381377-669F-4C96-AA40-F3551FDA223F}.Debug|Any CPU.ActiveCfg = Debug|Any CPU
		{06381377-669F-4C96-AA40-F3551FDA223F}.Debug|Any CPU.Build.0 = Debug|Any CPU
		{06381377-669F-4C96-AA40-F3551FDA223F}.Release|Any CPU.ActiveCfg = Release|Any CPU
		{06381377-669F-4C96-AA40-F3551FDA223F}.Release|Any CPU.Build.0 = Release|Any CPU
	EndGlobalSection
	GlobalSection(SolutionProperties) = preSolution
		HideSolutionNode = FALSE
	EndGlobalSection
	GlobalSection(ExtensibilityGlobals) = postSolution
		SolutionGuid = {FC5E1DEC-910F-4D3A-94C1-66E7963B10B0}
	EndGlobalSection
EndGlobal
