
Microsoft Visual Studio Solution File, Format Version 12.00
# Visual Studio Version 16
VisualStudioVersion = 16.0.29326.143
MinimumVisualStudioVersion = 10.0.40219.1
Project("{9092AA53-FB77-4645-B42D-1CCCA6BD08BD}") = "GuldtandHjemmeside", "GuldtandHjemmeside\GuldtandHjemmeside.njsproj", "{0B74B8C5-CCC5-4A8E-9DA3-C83A7325DFC9}"
EndProject
Global
	GlobalSection(SolutionConfigurationPlatforms) = preSolution
		Debug|Any CPU = Debug|Any CPU
		Release|Any CPU = Release|Any CPU
	EndGlobalSection
	GlobalSection(ProjectConfigurationPlatforms) = postSolution
		{0B74B8C5-CCC5-4A8E-9DA3-C83A7325DFC9}.Debug|Any CPU.ActiveCfg = Debug|Any CPU
		{0B74B8C5-CCC5-4A8E-9DA3-C83A7325DFC9}.Debug|Any CPU.Build.0 = Debug|Any CPU
		{0B74B8C5-CCC5-4A8E-9DA3-C83A7325DFC9}.Release|Any CPU.ActiveCfg = Release|Any CPU
		{0B74B8C5-CCC5-4A8E-9DA3-C83A7325DFC9}.Release|Any CPU.Build.0 = Release|Any CPU
	EndGlobalSection
	GlobalSection(SolutionProperties) = preSolution
		HideSolutionNode = FALSE
	EndGlobalSection
	GlobalSection(ExtensibilityGlobals) = postSolution
		SolutionGuid = {04C37E69-112F-4FBF-A29A-F3B16682E456}
	EndGlobalSection
EndGlobal
